// !$*UTF8*$!
{
	archiveVersion = 1;
	classes = {
	};
	objectVersion = 46;
	objects = {

/* Begin PBXBuildFile section */
		142A296B1963B40C00CFBC1A /* KIHomeViewController.m in Sources */ = {isa = PBXBuildFile; fileRef = 142A296A1963B40C00CFBC1A /* KIHomeViewController.m */; };
		142A2A131965459300CFBC1A /* KISettingViewController.m in Sources */ = {isa = PBXBuildFile; fileRef = 142A2A121965459300CFBC1A /* KISettingViewController.m */; };
		142A2A1A19654B5E00CFBC1A /* KIUserAuthenticationViewController.m in Sources */ = {isa = PBXBuildFile; fileRef = 142A2A1919654B5E00CFBC1A /* KIUserAuthenticationViewController.m */; };
		142A2AF11966D19900CFBC1A /* KIEntry.m in Sources */ = {isa = PBXBuildFile; fileRef = 142A2AF01966D19900CFBC1A /* KIEntry.m */; };
		142A2AF51966D5FC00CFBC1A /* KIFIle.m in Sources */ = {isa = PBXBuildFile; fileRef = 142A2AF41966D5FC00CFBC1A /* KIFIle.m */; };
		142A2AF81966D61D00CFBC1A /* KIFileManager.m in Sources */ = {isa = PBXBuildFile; fileRef = 142A2AF71966D61D00CFBC1A /* KIFileManager.m */; };
		142A2AFE1966D98F00CFBC1A /* KIEntryManager.m in Sources */ = {isa = PBXBuildFile; fileRef = 142A2AFD1966D98F00CFBC1A /* KIEntryManager.m */; };
		142A2B021966DD6900CFBC1A /* KIDBEntryAccess.m in Sources */ = {isa = PBXBuildFile; fileRef = 142A2B011966DD6900CFBC1A /* KIDBEntryAccess.m */; };
		142A2B051966E08000CFBC1A /* KIDataAccess.m in Sources */ = {isa = PBXBuildFile; fileRef = 142A2B041966E08000CFBC1A /* KIDataAccess.m */; };
		142A2B5D1967723300CFBC1A /* KIDBInitializer.m in Sources */ = {isa = PBXBuildFile; fileRef = 142A2B5C1967723300CFBC1A /* KIDBInitializer.m */; };
		142A2B6119679D9600CFBC1A /* KIConstant.m in Sources */ = {isa = PBXBuildFile; fileRef = 142A2B6019679D9600CFBC1A /* KIConstant.m */; };
		142A2B631967A03400CFBC1A /* database.db in Resources */ = {isa = PBXBuildFile; fileRef = 142A2B621967A03400CFBC1A /* database.db */; };
		142A2B6619682A5000CFBC1A /* KIAllEntriesViewController.m in Sources */ = {isa = PBXBuildFile; fileRef = 142A2B6519682A5000CFBC1A /* KIAllEntriesViewController.m */; };
		142A2B6919682FE200CFBC1A /* KIAddEntryViewController.m in Sources */ = {isa = PBXBuildFile; fileRef = 142A2B6819682FE200CFBC1A /* KIAddEntryViewController.m */; };
		142A2B6C1968FD7A00CFBC1A /* KIEntryForAllTableViewCell.m in Sources */ = {isa = PBXBuildFile; fileRef = 142A2B6B1968FD7A00CFBC1A /* KIEntryForAllTableViewCell.m */; };
		142A2B6F19691C3B00CFBC1A /* KITodayViewController.m in Sources */ = {isa = PBXBuildFile; fileRef = 142A2B6E19691C3B00CFBC1A /* KITodayViewController.m */; };
		142A2B741969503300CFBC1A /* RatingView.m in Sources */ = {isa = PBXBuildFile; fileRef = 142A2B731969503300CFBC1A /* RatingView.m */; };
		142A2B781969529E00CFBC1A /* KIEntryTableViewCell.m in Sources */ = {isa = PBXBuildFile; fileRef = 142A2B771969529E00CFBC1A /* KIEntryTableViewCell.m */; };
		142A2B7B1969602A00CFBC1A /* KIRating.m in Sources */ = {isa = PBXBuildFile; fileRef = 142A2B7A1969602A00CFBC1A /* KIRating.m */; };
		142A2B801969895F00CFBC1A /* KIDBRatingAccess.m in Sources */ = {isa = PBXBuildFile; fileRef = 142A2B7F1969895F00CFBC1A /* KIDBRatingAccess.m */; };
		142A2B8319698EE800CFBC1A /* KIRatingManager.m in Sources */ = {isa = PBXBuildFile; fileRef = 142A2B8219698EE800CFBC1A /* KIRatingManager.m */; };
		14555A2A19628E9700B35CBD /* Foundation.framework in Frameworks */ = {isa = PBXBuildFile; fileRef = 14555A2919628E9700B35CBD /* Foundation.framework */; };
		14555A2C19628E9700B35CBD /* CoreGraphics.framework in Frameworks */ = {isa = PBXBuildFile; fileRef = 14555A2B19628E9700B35CBD /* CoreGraphics.framework */; };
		14555A2E19628E9700B35CBD /* UIKit.framework in Frameworks */ = {isa = PBXBuildFile; fileRef = 14555A2D19628E9700B35CBD /* UIKit.framework */; };
		14555A3419628E9700B35CBD /* InfoPlist.strings in Resources */ = {isa = PBXBuildFile; fileRef = 14555A3219628E9700B35CBD /* InfoPlist.strings */; };
		14555A3619628E9700B35CBD /* main.m in Sources */ = {isa = PBXBuildFile; fileRef = 14555A3519628E9700B35CBD /* main.m */; };
		14555A3A19628E9700B35CBD /* AppDelegate.m in Sources */ = {isa = PBXBuildFile; fileRef = 14555A3919628E9700B35CBD /* AppDelegate.m */; };
		14555A3D19628E9700B35CBD /* Main_iPhone.storyboard in Resources */ = {isa = PBXBuildFile; fileRef = 14555A3B19628E9700B35CBD /* Main_iPhone.storyboard */; };
		14555A4019628E9700B35CBD /* Main_iPad.storyboard in Resources */ = {isa = PBXBuildFile; fileRef = 14555A3E19628E9700B35CBD /* Main_iPad.storyboard */; };
		14555A4519628E9700B35CBD /* Images.xcassets in Resources */ = {isa = PBXBuildFile; fileRef = 14555A4419628E9700B35CBD /* Images.xcassets */; };
		14555A4C19628E9700B35CBD /* XCTest.framework in Frameworks */ = {isa = PBXBuildFile; fileRef = 14555A4B19628E9700B35CBD /* XCTest.framework */; };
		14555A4D19628E9700B35CBD /* Foundation.framework in Frameworks */ = {isa = PBXBuildFile; fileRef = 14555A2919628E9700B35CBD /* Foundation.framework */; };
		14555A4E19628E9700B35CBD /* UIKit.framework in Frameworks */ = {isa = PBXBuildFile; fileRef = 14555A2D19628E9700B35CBD /* UIKit.framework */; };
		14555A5619628E9700B35CBD /* InfoPlist.strings in Resources */ = {isa = PBXBuildFile; fileRef = 14555A5419628E9700B35CBD /* InfoPlist.strings */; };
		14555A5819628E9700B35CBD /* KeepItTests.m in Sources */ = {isa = PBXBuildFile; fileRef = 14555A5719628E9700B35CBD /* KeepItTests.m */; };
		14555A6219628F1B00B35CBD /* Parse.framework in Frameworks */ = {isa = PBXBuildFile; fileRef = 14555A6119628F1B00B35CBD /* Parse.framework */; };
		14555A64196290C500B35CBD /* AudioToolbox.framework in Frameworks */ = {isa = PBXBuildFile; fileRef = 14555A63196290C500B35CBD /* AudioToolbox.framework */; };
		14555A66196290CA00B35CBD /* CFNetwork.framework in Frameworks */ = {isa = PBXBuildFile; fileRef = 14555A65196290CA00B35CBD /* CFNetwork.framework */; };
		14555A68196290D700B35CBD /* CoreLocation.framework in Frameworks */ = {isa = PBXBuildFile; fileRef = 14555A67196290D700B35CBD /* CoreLocation.framework */; };
		14555A6A196290E200B35CBD /* libz.1.1.3.dylib in Frameworks */ = {isa = PBXBuildFile; fileRef = 14555A69196290E200B35CBD /* libz.1.1.3.dylib */; };
		14555A6C196290E900B35CBD /* MobileCoreServices.framework in Frameworks */ = {isa = PBXBuildFile; fileRef = 14555A6B196290E900B35CBD /* MobileCoreServices.framework */; };
		14555A6E196290F000B35CBD /* QuartzCore.framework in Frameworks */ = {isa = PBXBuildFile; fileRef = 14555A6D196290F000B35CBD /* QuartzCore.framework */; };
		14555A70196290F500B35CBD /* Security.framework in Frameworks */ = {isa = PBXBuildFile; fileRef = 14555A6F196290F500B35CBD /* Security.framework */; };
		14555A72196290FA00B35CBD /* StoreKit.framework in Frameworks */ = {isa = PBXBuildFile; fileRef = 14555A71196290FA00B35CBD /* StoreKit.framework */; };
		14555A741962910000B35CBD /* SystemConfiguration.framework in Frameworks */ = {isa = PBXBuildFile; fileRef = 14555A731962910000B35CBD /* SystemConfiguration.framework */; };
		14555A761962AC7D00B35CBD /* Social.framework in Frameworks */ = {isa = PBXBuildFile; fileRef = 14555A751962AC7D00B35CBD /* Social.framework */; };
		14555A781962AD5100B35CBD /* Accounts.framework in Frameworks */ = {isa = PBXBuildFile; fileRef = 14555A771962AD5100B35CBD /* Accounts.framework */; };
		149B1AD5197124BF00C289EA /* KIHistoryByDateViewController.m in Sources */ = {isa = PBXBuildFile; fileRef = 149B1AD4197124BF00C289EA /* KIHistoryByDateViewController.m */; };
		149B1AD81971264900C289EA /* KIHistoryPageViewController.m in Sources */ = {isa = PBXBuildFile; fileRef = 149B1AD71971264900C289EA /* KIHistoryPageViewController.m */; };
		7FD816EE0CBD4CD48A5CEA46 /* libPods.a in Frameworks */ = {isa = PBXBuildFile; fileRef = 81978B9231254E19B4979595 /* libPods.a */; };
/* End PBXBuildFile section */

/* Begin PBXContainerItemProxy section */
		14555A4F19628E9700B35CBD /* PBXContainerItemProxy */ = {
			isa = PBXContainerItemProxy;
			containerPortal = 14555A1E19628E9700B35CBD /* Project object */;
			proxyType = 1;
			remoteGlobalIDString = 14555A2519628E9700B35CBD;
			remoteInfo = KeepIt;
		};
/* End PBXContainerItemProxy section */

/* Begin PBXFileReference section */
		142A29691963B40C00CFBC1A /* KIHomeViewController.h */ = {isa = PBXFileReference; fileEncoding = 4; lastKnownFileType = sourcecode.c.h; name = KIHomeViewController.h; path = ViewControllers/KIHomeViewController.h; sourceTree = "<group>"; };
		142A296A1963B40C00CFBC1A /* KIHomeViewController.m */ = {isa = PBXFileReference; fileEncoding = 4; lastKnownFileType = sourcecode.c.objc; name = KIHomeViewController.m; path = ViewControllers/KIHomeViewController.m; sourceTree = "<group>"; };
		142A2A111965459300CFBC1A /* KISettingViewController.h */ = {isa = PBXFileReference; fileEncoding = 4; lastKnownFileType = sourcecode.c.h; name = KISettingViewController.h; path = ViewControllers/KISettingViewController.h; sourceTree = "<group>"; };
		142A2A121965459300CFBC1A /* KISettingViewController.m */ = {isa = PBXFileReference; fileEncoding = 4; lastKnownFileType = sourcecode.c.objc; name = KISettingViewController.m; path = ViewControllers/KISettingViewController.m; sourceTree = "<group>"; };
		142A2A1819654B5E00CFBC1A /* KIUserAuthenticationViewController.h */ = {isa = PBXFileReference; fileEncoding = 4; lastKnownFileType = sourcecode.c.h; name = KIUserAuthenticationViewController.h; path = ViewControllers/KIUserAuthenticationViewController.h; sourceTree = "<group>"; };
		142A2A1919654B5E00CFBC1A /* KIUserAuthenticationViewController.m */ = {isa = PBXFileReference; fileEncoding = 4; lastKnownFileType = sourcecode.c.objc; name = KIUserAuthenticationViewController.m; path = ViewControllers/KIUserAuthenticationViewController.m; sourceTree = "<group>"; };
		142A2AEF1966D19900CFBC1A /* KIEntry.h */ = {isa = PBXFileReference; fileEncoding = 4; lastKnownFileType = sourcecode.c.h; name = KIEntry.h; path = Objects/KIEntry.h; sourceTree = "<group>"; };
		142A2AF01966D19900CFBC1A /* KIEntry.m */ = {isa = PBXFileReference; fileEncoding = 4; lastKnownFileType = sourcecode.c.objc; name = KIEntry.m; path = Objects/KIEntry.m; sourceTree = "<group>"; };
		142A2AF31966D5FC00CFBC1A /* KIFIle.h */ = {isa = PBXFileReference; fileEncoding = 4; lastKnownFileType = sourcecode.c.h; name = KIFIle.h; path = Objects/KIFIle.h; sourceTree = "<group>"; };
		142A2AF41966D5FC00CFBC1A /* KIFIle.m */ = {isa = PBXFileReference; fileEncoding = 4; lastKnownFileType = sourcecode.c.objc; name = KIFIle.m; path = Objects/KIFIle.m; sourceTree = "<group>"; };
		142A2AF61966D61D00CFBC1A /* KIFileManager.h */ = {isa = PBXFileReference; fileEncoding = 4; lastKnownFileType = sourcecode.c.h; name = KIFileManager.h; path = Business/KIFileManager.h; sourceTree = "<group>"; };
		142A2AF71966D61D00CFBC1A /* KIFileManager.m */ = {isa = PBXFileReference; fileEncoding = 4; lastKnownFileType = sourcecode.c.objc; name = KIFileManager.m; path = Business/KIFileManager.m; sourceTree = "<group>"; };
		142A2AF91966D7D700CFBC1A /* KIFileType.h */ = {isa = PBXFileReference; fileEncoding = 4; lastKnownFileType = sourcecode.c.h; name = KIFileType.h; path = Objects/KIFileType.h; sourceTree = "<group>"; };
		142A2AFC1966D98F00CFBC1A /* KIEntryManager.h */ = {isa = PBXFileReference; fileEncoding = 4; lastKnownFileType = sourcecode.c.h; name = KIEntryManager.h; path = Business/KIEntryManager.h; sourceTree = "<group>"; };
		142A2AFD1966D98F00CFBC1A /* KIEntryManager.m */ = {isa = PBXFileReference; fileEncoding = 4; lastKnownFileType = sourcecode.c.objc; name = KIEntryManager.m; path = Business/KIEntryManager.m; sourceTree = "<group>"; };
		142A2B001966DD6900CFBC1A /* KIDBEntryAccess.h */ = {isa = PBXFileReference; fileEncoding = 4; lastKnownFileType = sourcecode.c.h; name = KIDBEntryAccess.h; path = DataAccess/KIDBEntryAccess.h; sourceTree = "<group>"; };
		142A2B011966DD6900CFBC1A /* KIDBEntryAccess.m */ = {isa = PBXFileReference; fileEncoding = 4; lastKnownFileType = sourcecode.c.objc; name = KIDBEntryAccess.m; path = DataAccess/KIDBEntryAccess.m; sourceTree = "<group>"; };
		142A2B031966E08000CFBC1A /* KIDataAccess.h */ = {isa = PBXFileReference; fileEncoding = 4; lastKnownFileType = sourcecode.c.h; name = KIDataAccess.h; path = DataAccess/KIDataAccess.h; sourceTree = "<group>"; };
		142A2B041966E08000CFBC1A /* KIDataAccess.m */ = {isa = PBXFileReference; fileEncoding = 4; lastKnownFileType = sourcecode.c.objc; name = KIDataAccess.m; path = DataAccess/KIDataAccess.m; sourceTree = "<group>"; };
		142A2B5A19676DF500CFBC1A /* KIEntryAccess.h */ = {isa = PBXFileReference; lastKnownFileType = sourcecode.c.h; name = KIEntryAccess.h; path = DataAccess/KIEntryAccess.h; sourceTree = "<group>"; };
		142A2B5B1967723300CFBC1A /* KIDBInitializer.h */ = {isa = PBXFileReference; fileEncoding = 4; lastKnownFileType = sourcecode.c.h; name = KIDBInitializer.h; path = DataAccess/KIDBInitializer.h; sourceTree = "<group>"; };
		142A2B5C1967723300CFBC1A /* KIDBInitializer.m */ = {isa = PBXFileReference; fileEncoding = 4; lastKnownFileType = sourcecode.c.objc; name = KIDBInitializer.m; path = DataAccess/KIDBInitializer.m; sourceTree = "<group>"; };
		142A2B5F19679D9600CFBC1A /* KIConstant.h */ = {isa = PBXFileReference; fileEncoding = 4; lastKnownFileType = sourcecode.c.h; name = KIConstant.h; path = Constant/KIConstant.h; sourceTree = "<group>"; };
		142A2B6019679D9600CFBC1A /* KIConstant.m */ = {isa = PBXFileReference; fileEncoding = 4; lastKnownFileType = sourcecode.c.objc; name = KIConstant.m; path = Constant/KIConstant.m; sourceTree = "<group>"; };
		142A2B621967A03400CFBC1A /* database.db */ = {isa = PBXFileReference; lastKnownFileType = file; path = database.db; sourceTree = "<group>"; };
		142A2B6419682A5000CFBC1A /* KIAllEntriesViewController.h */ = {isa = PBXFileReference; fileEncoding = 4; lastKnownFileType = sourcecode.c.h; name = KIAllEntriesViewController.h; path = ViewControllers/KIAllEntriesViewController.h; sourceTree = "<group>"; };
		142A2B6519682A5000CFBC1A /* KIAllEntriesViewController.m */ = {isa = PBXFileReference; fileEncoding = 4; lastKnownFileType = sourcecode.c.objc; name = KIAllEntriesViewController.m; path = ViewControllers/KIAllEntriesViewController.m; sourceTree = "<group>"; };
		142A2B6719682FE200CFBC1A /* KIAddEntryViewController.h */ = {isa = PBXFileReference; fileEncoding = 4; lastKnownFileType = sourcecode.c.h; name = KIAddEntryViewController.h; path = ViewControllers/KIAddEntryViewController.h; sourceTree = "<group>"; };
		142A2B6819682FE200CFBC1A /* KIAddEntryViewController.m */ = {isa = PBXFileReference; fileEncoding = 4; lastKnownFileType = sourcecode.c.objc; name = KIAddEntryViewController.m; path = ViewControllers/KIAddEntryViewController.m; sourceTree = "<group>"; };
		142A2B6A1968FD7A00CFBC1A /* KIEntryForAllTableViewCell.h */ = {isa = PBXFileReference; fileEncoding = 4; lastKnownFileType = sourcecode.c.h; name = KIEntryForAllTableViewCell.h; path = ViewControllers/KIEntryForAllTableViewCell.h; sourceTree = "<group>"; };
		142A2B6B1968FD7A00CFBC1A /* KIEntryForAllTableViewCell.m */ = {isa = PBXFileReference; fileEncoding = 4; lastKnownFileType = sourcecode.c.objc; name = KIEntryForAllTableViewCell.m; path = ViewControllers/KIEntryForAllTableViewCell.m; sourceTree = "<group>"; };
		142A2B6D19691C3B00CFBC1A /* KITodayViewController.h */ = {isa = PBXFileReference; fileEncoding = 4; lastKnownFileType = sourcecode.c.h; name = KITodayViewController.h; path = ViewControllers/KITodayViewController.h; sourceTree = "<group>"; };
		142A2B6E19691C3B00CFBC1A /* KITodayViewController.m */ = {isa = PBXFileReference; fileEncoding = 4; lastKnownFileType = sourcecode.c.objc; name = KITodayViewController.m; path = ViewControllers/KITodayViewController.m; sourceTree = "<group>"; };
		142A2B721969503300CFBC1A /* RatingView.h */ = {isa = PBXFileReference; fileEncoding = 4; lastKnownFileType = sourcecode.c.h; name = RatingView.h; path = External/Rating/RatingView.h; sourceTree = "<group>"; };
		142A2B731969503300CFBC1A /* RatingView.m */ = {isa = PBXFileReference; fileEncoding = 4; lastKnownFileType = sourcecode.c.objc; name = RatingView.m; path = External/Rating/RatingView.m; sourceTree = "<group>"; };
		142A2B761969529E00CFBC1A /* KIEntryTableViewCell.h */ = {isa = PBXFileReference; fileEncoding = 4; lastKnownFileType = sourcecode.c.h; name = KIEntryTableViewCell.h; path = ViewControllers/KIEntryTableViewCell.h; sourceTree = "<group>"; };
		142A2B771969529E00CFBC1A /* KIEntryTableViewCell.m */ = {isa = PBXFileReference; fileEncoding = 4; lastKnownFileType = sourcecode.c.objc; name = KIEntryTableViewCell.m; path = ViewControllers/KIEntryTableViewCell.m; sourceTree = "<group>"; };
		142A2B791969602A00CFBC1A /* KIRating.h */ = {isa = PBXFileReference; fileEncoding = 4; lastKnownFileType = sourcecode.c.h; name = KIRating.h; path = Objects/KIRating.h; sourceTree = "<group>"; };
		142A2B7A1969602A00CFBC1A /* KIRating.m */ = {isa = PBXFileReference; fileEncoding = 4; lastKnownFileType = sourcecode.c.objc; name = KIRating.m; path = Objects/KIRating.m; sourceTree = "<group>"; };
		142A2B7D1969878400CFBC1A /* KIRatingAccess.h */ = {isa = PBXFileReference; lastKnownFileType = sourcecode.c.h; name = KIRatingAccess.h; path = DataAccess/KIRatingAccess.h; sourceTree = "<group>"; };
		142A2B7E1969895F00CFBC1A /* KIDBRatingAccess.h */ = {isa = PBXFileReference; fileEncoding = 4; lastKnownFileType = sourcecode.c.h; name = KIDBRatingAccess.h; path = DataAccess/KIDBRatingAccess.h; sourceTree = "<group>"; };
		142A2B7F1969895F00CFBC1A /* KIDBRatingAccess.m */ = {isa = PBXFileReference; fileEncoding = 4; lastKnownFileType = sourcecode.c.objc; name = KIDBRatingAccess.m; path = DataAccess/KIDBRatingAccess.m; sourceTree = "<group>"; };
		142A2B8119698EE800CFBC1A /* KIRatingManager.h */ = {isa = PBXFileReference; fileEncoding = 4; lastKnownFileType = sourcecode.c.h; name = KIRatingManager.h; path = Business/KIRatingManager.h; sourceTree = "<group>"; };
		142A2B8219698EE800CFBC1A /* KIRatingManager.m */ = {isa = PBXFileReference; fileEncoding = 4; lastKnownFileType = sourcecode.c.objc; name = KIRatingManager.m; path = Business/KIRatingManager.m; sourceTree = "<group>"; };
		14555A2619628E9700B35CBD /* KeepIt.app */ = {isa = PBXFileReference; explicitFileType = wrapper.application; includeInIndex = 0; path = KeepIt.app; sourceTree = BUILT_PRODUCTS_DIR; };
		14555A2919628E9700B35CBD /* Foundation.framework */ = {isa = PBXFileReference; lastKnownFileType = wrapper.framework; name = Foundation.framework; path = System/Library/Frameworks/Foundation.framework; sourceTree = SDKROOT; };
		14555A2B19628E9700B35CBD /* CoreGraphics.framework */ = {isa = PBXFileReference; lastKnownFileType = wrapper.framework; name = CoreGraphics.framework; path = System/Library/Frameworks/CoreGraphics.framework; sourceTree = SDKROOT; };
		14555A2D19628E9700B35CBD /* UIKit.framework */ = {isa = PBXFileReference; lastKnownFileType = wrapper.framework; name = UIKit.framework; path = System/Library/Frameworks/UIKit.framework; sourceTree = SDKROOT; };
		14555A3119628E9700B35CBD /* KeepIt-Info.plist */ = {isa = PBXFileReference; lastKnownFileType = text.plist.xml; path = "KeepIt-Info.plist"; sourceTree = "<group>"; };
		14555A3319628E9700B35CBD /* en */ = {isa = PBXFileReference; lastKnownFileType = text.plist.strings; name = en; path = en.lproj/InfoPlist.strings; sourceTree = "<group>"; };
		14555A3519628E9700B35CBD /* main.m */ = {isa = PBXFileReference; lastKnownFileType = sourcecode.c.objc; path = main.m; sourceTree = "<group>"; };
		14555A3719628E9700B35CBD /* KeepIt-Prefix.pch */ = {isa = PBXFileReference; lastKnownFileType = sourcecode.c.h; path = "KeepIt-Prefix.pch"; sourceTree = "<group>"; };
		14555A3819628E9700B35CBD /* AppDelegate.h */ = {isa = PBXFileReference; lastKnownFileType = sourcecode.c.h; path = AppDelegate.h; sourceTree = "<group>"; };
		14555A3919628E9700B35CBD /* AppDelegate.m */ = {isa = PBXFileReference; lastKnownFileType = sourcecode.c.objc; path = AppDelegate.m; sourceTree = "<group>"; };
		14555A3C19628E9700B35CBD /* Base */ = {isa = PBXFileReference; lastKnownFileType = file.storyboard; name = Base; path = Base.lproj/Main_iPhone.storyboard; sourceTree = "<group>"; };
		14555A3F19628E9700B35CBD /* Base */ = {isa = PBXFileReference; lastKnownFileType = file.storyboard; name = Base; path = Base.lproj/Main_iPad.storyboard; sourceTree = "<group>"; };
		14555A4419628E9700B35CBD /* Images.xcassets */ = {isa = PBXFileReference; lastKnownFileType = folder.assetcatalog; path = Images.xcassets; sourceTree = "<group>"; };
		14555A4A19628E9700B35CBD /* KeepItTests.xctest */ = {isa = PBXFileReference; explicitFileType = wrapper.cfbundle; includeInIndex = 0; path = KeepItTests.xctest; sourceTree = BUILT_PRODUCTS_DIR; };
		14555A4B19628E9700B35CBD /* XCTest.framework */ = {isa = PBXFileReference; lastKnownFileType = wrapper.framework; name = XCTest.framework; path = Library/Frameworks/XCTest.framework; sourceTree = DEVELOPER_DIR; };
		14555A5319628E9700B35CBD /* KeepItTests-Info.plist */ = {isa = PBXFileReference; lastKnownFileType = text.plist.xml; path = "KeepItTests-Info.plist"; sourceTree = "<group>"; };
		14555A5519628E9700B35CBD /* en */ = {isa = PBXFileReference; lastKnownFileType = text.plist.strings; name = en; path = en.lproj/InfoPlist.strings; sourceTree = "<group>"; };
		14555A5719628E9700B35CBD /* KeepItTests.m */ = {isa = PBXFileReference; lastKnownFileType = sourcecode.c.objc; path = KeepItTests.m; sourceTree = "<group>"; };
		14555A6119628F1B00B35CBD /* Parse.framework */ = {isa = PBXFileReference; lastKnownFileType = wrapper.framework; path = Parse.framework; sourceTree = "<group>"; };
		14555A63196290C500B35CBD /* AudioToolbox.framework */ = {isa = PBXFileReference; lastKnownFileType = wrapper.framework; name = AudioToolbox.framework; path = System/Library/Frameworks/AudioToolbox.framework; sourceTree = SDKROOT; };
		14555A65196290CA00B35CBD /* CFNetwork.framework */ = {isa = PBXFileReference; lastKnownFileType = wrapper.framework; name = CFNetwork.framework; path = System/Library/Frameworks/CFNetwork.framework; sourceTree = SDKROOT; };
		14555A67196290D700B35CBD /* CoreLocation.framework */ = {isa = PBXFileReference; lastKnownFileType = wrapper.framework; name = CoreLocation.framework; path = System/Library/Frameworks/CoreLocation.framework; sourceTree = SDKROOT; };
		14555A69196290E200B35CBD /* libz.1.1.3.dylib */ = {isa = PBXFileReference; lastKnownFileType = "compiled.mach-o.dylib"; name = libz.1.1.3.dylib; path = usr/lib/libz.1.1.3.dylib; sourceTree = SDKROOT; };
		14555A6B196290E900B35CBD /* MobileCoreServices.framework */ = {isa = PBXFileReference; lastKnownFileType = wrapper.framework; name = MobileCoreServices.framework; path = System/Library/Frameworks/MobileCoreServices.framework; sourceTree = SDKROOT; };
		14555A6D196290F000B35CBD /* QuartzCore.framework */ = {isa = PBXFileReference; lastKnownFileType = wrapper.framework; name = QuartzCore.framework; path = System/Library/Frameworks/QuartzCore.framework; sourceTree = SDKROOT; };
		14555A6F196290F500B35CBD /* Security.framework */ = {isa = PBXFileReference; lastKnownFileType = wrapper.framework; name = Security.framework; path = System/Library/Frameworks/Security.framework; sourceTree = SDKROOT; };
		14555A71196290FA00B35CBD /* StoreKit.framework */ = {isa = PBXFileReference; lastKnownFileType = wrapper.framework; name = StoreKit.framework; path = System/Library/Frameworks/StoreKit.framework; sourceTree = SDKROOT; };
		14555A731962910000B35CBD /* SystemConfiguration.framework */ = {isa = PBXFileReference; lastKnownFileType = wrapper.framework; name = SystemConfiguration.framework; path = System/Library/Frameworks/SystemConfiguration.framework; sourceTree = SDKROOT; };
		14555A751962AC7D00B35CBD /* Social.framework */ = {isa = PBXFileReference; lastKnownFileType = wrapper.framework; name = Social.framework; path = System/Library/Frameworks/Social.framework; sourceTree = SDKROOT; };
		14555A771962AD5100B35CBD /* Accounts.framework */ = {isa = PBXFileReference; lastKnownFileType = wrapper.framework; name = Accounts.framework; path = System/Library/Frameworks/Accounts.framework; sourceTree = SDKROOT; };
		149B1AD3197124BF00C289EA /* KIHistoryByDateViewController.h */ = {isa = PBXFileReference; fileEncoding = 4; lastKnownFileType = sourcecode.c.h; name = KIHistoryByDateViewController.h; path = ViewControllers/KIHistoryByDateViewController.h; sourceTree = "<group>"; };
		149B1AD4197124BF00C289EA /* KIHistoryByDateViewController.m */ = {isa = PBXFileReference; fileEncoding = 4; lastKnownFileType = sourcecode.c.objc; name = KIHistoryByDateViewController.m; path = ViewControllers/KIHistoryByDateViewController.m; sourceTree = "<group>"; };
		149B1AD61971264900C289EA /* KIHistoryPageViewController.h */ = {isa = PBXFileReference; fileEncoding = 4; lastKnownFileType = sourcecode.c.h; name = KIHistoryPageViewController.h; path = ViewControllers/KIHistoryPageViewController.h; sourceTree = "<group>"; };
		149B1AD71971264900C289EA /* KIHistoryPageViewController.m */ = {isa = PBXFileReference; fileEncoding = 4; lastKnownFileType = sourcecode.c.objc; name = KIHistoryPageViewController.m; path = ViewControllers/KIHistoryPageViewController.m; sourceTree = "<group>"; };
		3481D7DE6B1F4A398CA53AE6 /* Pods.xcconfig */ = {isa = PBXFileReference; includeInIndex = 1; lastKnownFileType = text.xcconfig; name = Pods.xcconfig; path = Pods/Pods.xcconfig; sourceTree = "<group>"; };
		81978B9231254E19B4979595 /* libPods.a */ = {isa = PBXFileReference; explicitFileType = archive.ar; includeInIndex = 0; path = libPods.a; sourceTree = BUILT_PRODUCTS_DIR; };
/* End PBXFileReference section */

/* Begin PBXFrameworksBuildPhase section */
		14555A2319628E9700B35CBD /* Frameworks */ = {
			isa = PBXFrameworksBuildPhase;
			buildActionMask = 2147483647;
			files = (
				14555A781962AD5100B35CBD /* Accounts.framework in Frameworks */,
				14555A761962AC7D00B35CBD /* Social.framework in Frameworks */,
				14555A741962910000B35CBD /* SystemConfiguration.framework in Frameworks */,
				14555A72196290FA00B35CBD /* StoreKit.framework in Frameworks */,
				14555A70196290F500B35CBD /* Security.framework in Frameworks */,
				14555A6E196290F000B35CBD /* QuartzCore.framework in Frameworks */,
				14555A6C196290E900B35CBD /* MobileCoreServices.framework in Frameworks */,
				14555A6A196290E200B35CBD /* libz.1.1.3.dylib in Frameworks */,
				14555A68196290D700B35CBD /* CoreLocation.framework in Frameworks */,
				14555A2C19628E9700B35CBD /* CoreGraphics.framework in Frameworks */,
				14555A66196290CA00B35CBD /* CFNetwork.framework in Frameworks */,
				14555A64196290C500B35CBD /* AudioToolbox.framework in Frameworks */,
				14555A2E19628E9700B35CBD /* UIKit.framework in Frameworks */,
				14555A6219628F1B00B35CBD /* Parse.framework in Frameworks */,
				14555A2A19628E9700B35CBD /* Foundation.framework in Frameworks */,
				7FD816EE0CBD4CD48A5CEA46 /* libPods.a in Frameworks */,
			);
			runOnlyForDeploymentPostprocessing = 0;
		};
		14555A4719628E9700B35CBD /* Frameworks */ = {
			isa = PBXFrameworksBuildPhase;
			buildActionMask = 2147483647;
			files = (
				14555A4C19628E9700B35CBD /* XCTest.framework in Frameworks */,
				14555A4E19628E9700B35CBD /* UIKit.framework in Frameworks */,
				14555A4D19628E9700B35CBD /* Foundation.framework in Frameworks */,
			);
			runOnlyForDeploymentPostprocessing = 0;
		};
/* End PBXFrameworksBuildPhase section */

/* Begin PBXGroup section */
		142A29651963B2B700CFBC1A /* ViewControllers */ = {
			isa = PBXGroup;
			children = (
				142A29691963B40C00CFBC1A /* KIHomeViewController.h */,
				142A296A1963B40C00CFBC1A /* KIHomeViewController.m */,
				142A2B6D19691C3B00CFBC1A /* KITodayViewController.h */,
				142A2B6E19691C3B00CFBC1A /* KITodayViewController.m */,
				142A2A111965459300CFBC1A /* KISettingViewController.h */,
				142A2A121965459300CFBC1A /* KISettingViewController.m */,
				142A2A1819654B5E00CFBC1A /* KIUserAuthenticationViewController.h */,
				142A2A1919654B5E00CFBC1A /* KIUserAuthenticationViewController.m */,
				142A2B6419682A5000CFBC1A /* KIAllEntriesViewController.h */,
				142A2B6519682A5000CFBC1A /* KIAllEntriesViewController.m */,
				142A2B6719682FE200CFBC1A /* KIAddEntryViewController.h */,
				142A2B6819682FE200CFBC1A /* KIAddEntryViewController.m */,
				142A2B6A1968FD7A00CFBC1A /* KIEntryForAllTableViewCell.h */,
				142A2B6B1968FD7A00CFBC1A /* KIEntryForAllTableViewCell.m */,
				142A2B761969529E00CFBC1A /* KIEntryTableViewCell.h */,
				142A2B771969529E00CFBC1A /* KIEntryTableViewCell.m */,
				149B1AD3197124BF00C289EA /* KIHistoryByDateViewController.h */,
				149B1AD4197124BF00C289EA /* KIHistoryByDateViewController.m */,
				149B1AD61971264900C289EA /* KIHistoryPageViewController.h */,
				149B1AD71971264900C289EA /* KIHistoryPageViewController.m */,
			);
			name = ViewControllers;
			sourceTree = "<group>";
		};
		142A2AEE1966D13400CFBC1A /* Objects */ = {
			isa = PBXGroup;
			children = (
				142A2AEF1966D19900CFBC1A /* KIEntry.h */,
				142A2AF01966D19900CFBC1A /* KIEntry.m */,
				142A2AF31966D5FC00CFBC1A /* KIFIle.h */,
				142A2AF41966D5FC00CFBC1A /* KIFIle.m */,
				142A2AF91966D7D700CFBC1A /* KIFileType.h */,
				142A2B791969602A00CFBC1A /* KIRating.h */,
				142A2B7A1969602A00CFBC1A /* KIRating.m */,
			);
			name = Objects;
			sourceTree = "<group>";
		};
		142A2AF21966D50200CFBC1A /* Business */ = {
			isa = PBXGroup;
			children = (
				142A2AF61966D61D00CFBC1A /* KIFileManager.h */,
				142A2AF71966D61D00CFBC1A /* KIFileManager.m */,
				142A2AFC1966D98F00CFBC1A /* KIEntryManager.h */,
				142A2AFD1966D98F00CFBC1A /* KIEntryManager.m */,
				142A2B8119698EE800CFBC1A /* KIRatingManager.h */,
				142A2B8219698EE800CFBC1A /* KIRatingManager.m */,
			);
			name = Business;
			sourceTree = "<group>";
		};
		142A2AFF1966DD1D00CFBC1A /* DataAccess */ = {
			isa = PBXGroup;
			children = (
				142A2B7C1969870200CFBC1A /* Protocol */,
				142A2B031966E08000CFBC1A /* KIDataAccess.h */,
				142A2B041966E08000CFBC1A /* KIDataAccess.m */,
				142A2B001966DD6900CFBC1A /* KIDBEntryAccess.h */,
				142A2B011966DD6900CFBC1A /* KIDBEntryAccess.m */,
				142A2B5B1967723300CFBC1A /* KIDBInitializer.h */,
				142A2B5C1967723300CFBC1A /* KIDBInitializer.m */,
				142A2B7E1969895F00CFBC1A /* KIDBRatingAccess.h */,
				142A2B7F1969895F00CFBC1A /* KIDBRatingAccess.m */,
			);
			name = DataAccess;
			sourceTree = "<group>";
		};
		142A2B5E19679CEC00CFBC1A /* Constant */ = {
			isa = PBXGroup;
			children = (
				142A2B5F19679D9600CFBC1A /* KIConstant.h */,
				142A2B6019679D9600CFBC1A /* KIConstant.m */,
			);
			name = Constant;
			sourceTree = "<group>";
		};
		142A2B7019694FF900CFBC1A /* External */ = {
			isa = PBXGroup;
			children = (
				142A2B711969500500CFBC1A /* Rating */,
			);
			name = External;
			sourceTree = "<group>";
		};
		142A2B711969500500CFBC1A /* Rating */ = {
			isa = PBXGroup;
			children = (
				142A2B721969503300CFBC1A /* RatingView.h */,
				142A2B731969503300CFBC1A /* RatingView.m */,
			);
			name = Rating;
			sourceTree = "<group>";
		};
		142A2B751969509600CFBC1A /* Rating */ = {
			isa = PBXGroup;
			children = (
			);
			name = Rating;
			sourceTree = "<group>";
		};
		142A2B7C1969870200CFBC1A /* Protocol */ = {
			isa = PBXGroup;
			children = (
				142A2B5A19676DF500CFBC1A /* KIEntryAccess.h */,
				142A2B7D1969878400CFBC1A /* KIRatingAccess.h */,
			);
			name = Protocol;
			sourceTree = "<group>";
		};
		14555A1D19628E9700B35CBD = {
			isa = PBXGroup;
			children = (
				14555A2F19628E9700B35CBD /* KeepIt */,
				14555A5119628E9700B35CBD /* KeepItTests */,
				14555A2819628E9700B35CBD /* Frameworks */,
				14555A2719628E9700B35CBD /* Products */,
				3481D7DE6B1F4A398CA53AE6 /* Pods.xcconfig */,
			);
			sourceTree = "<group>";
		};
		14555A2719628E9700B35CBD /* Products */ = {
			isa = PBXGroup;
			children = (
				14555A2619628E9700B35CBD /* KeepIt.app */,
				14555A4A19628E9700B35CBD /* KeepItTests.xctest */,
			);
			name = Products;
			sourceTree = "<group>";
		};
		14555A2819628E9700B35CBD /* Frameworks */ = {
			isa = PBXGroup;
			children = (
				14555A771962AD5100B35CBD /* Accounts.framework */,
				14555A751962AC7D00B35CBD /* Social.framework */,
				14555A731962910000B35CBD /* SystemConfiguration.framework */,
				14555A71196290FA00B35CBD /* StoreKit.framework */,
				14555A6F196290F500B35CBD /* Security.framework */,
				14555A6D196290F000B35CBD /* QuartzCore.framework */,
				14555A6B196290E900B35CBD /* MobileCoreServices.framework */,
				14555A69196290E200B35CBD /* libz.1.1.3.dylib */,
				14555A67196290D700B35CBD /* CoreLocation.framework */,
				14555A65196290CA00B35CBD /* CFNetwork.framework */,
				14555A63196290C500B35CBD /* AudioToolbox.framework */,
				14555A6119628F1B00B35CBD /* Parse.framework */,
				14555A2919628E9700B35CBD /* Foundation.framework */,
				14555A2B19628E9700B35CBD /* CoreGraphics.framework */,
				14555A2D19628E9700B35CBD /* UIKit.framework */,
				14555A4B19628E9700B35CBD /* XCTest.framework */,
				81978B9231254E19B4979595 /* libPods.a */,
			);
			name = Frameworks;
			sourceTree = "<group>";
		};
		14555A2F19628E9700B35CBD /* KeepIt */ = {
			isa = PBXGroup;
			children = (
				142A2B7019694FF900CFBC1A /* External */,
				142A2B5E19679CEC00CFBC1A /* Constant */,
				142A2AEE1966D13400CFBC1A /* Objects */,
				142A2AFF1966DD1D00CFBC1A /* DataAccess */,
				142A2AF21966D50200CFBC1A /* Business */,
				142A29651963B2B700CFBC1A /* ViewControllers */,
				14555A3819628E9700B35CBD /* AppDelegate.h */,
				14555A3919628E9700B35CBD /* AppDelegate.m */,
				14555A3B19628E9700B35CBD /* Main_iPhone.storyboard */,
				14555A3E19628E9700B35CBD /* Main_iPad.storyboard */,
				14555A4419628E9700B35CBD /* Images.xcassets */,
				14555A3019628E9700B35CBD /* Supporting Files */,
			);
			path = KeepIt;
			sourceTree = "<group>";
		};
		14555A3019628E9700B35CBD /* Supporting Files */ = {
			isa = PBXGroup;
			children = (
				142A2B751969509600CFBC1A /* Rating */,
				142A2B621967A03400CFBC1A /* database.db */,
				14555A3119628E9700B35CBD /* KeepIt-Info.plist */,
				14555A3219628E9700B35CBD /* InfoPlist.strings */,
				14555A3519628E9700B35CBD /* main.m */,
				14555A3719628E9700B35CBD /* KeepIt-Prefix.pch */,
			);
			name = "Supporting Files";
			sourceTree = "<group>";
		};
		14555A5119628E9700B35CBD /* KeepItTests */ = {
			isa = PBXGroup;
			children = (
				14555A5719628E9700B35CBD /* KeepItTests.m */,
				14555A5219628E9700B35CBD /* Supporting Files */,
			);
			path = KeepItTests;
			sourceTree = "<group>";
		};
		14555A5219628E9700B35CBD /* Supporting Files */ = {
			isa = PBXGroup;
			children = (
				14555A5319628E9700B35CBD /* KeepItTests-Info.plist */,
				14555A5419628E9700B35CBD /* InfoPlist.strings */,
			);
			name = "Supporting Files";
			sourceTree = "<group>";
		};
/* End PBXGroup section */

/* Begin PBXNativeTarget section */
		14555A2519628E9700B35CBD /* KeepIt */ = {
			isa = PBXNativeTarget;
			buildConfigurationList = 14555A5B19628E9700B35CBD /* Build configuration list for PBXNativeTarget "KeepIt" */;
			buildPhases = (
				04BBBE5EEC074E64A7B51DAE /* Check Pods Manifest.lock */,
				14555A2219628E9700B35CBD /* Sources */,
				14555A2319628E9700B35CBD /* Frameworks */,
				14555A2419628E9700B35CBD /* Resources */,
				76CA7D8F00294625AFBEF4DE /* Copy Pods Resources */,
			);
			buildRules = (
			);
			dependencies = (
			);
			name = KeepIt;
			productName = KeepIt;
			productReference = 14555A2619628E9700B35CBD /* KeepIt.app */;
			productType = "com.apple.product-type.application";
		};
		14555A4919628E9700B35CBD /* KeepItTests */ = {
			isa = PBXNativeTarget;
			buildConfigurationList = 14555A5E19628E9700B35CBD /* Build configuration list for PBXNativeTarget "KeepItTests" */;
			buildPhases = (
				14555A4619628E9700B35CBD /* Sources */,
				14555A4719628E9700B35CBD /* Frameworks */,
				14555A4819628E9700B35CBD /* Resources */,
			);
			buildRules = (
			);
			dependencies = (
				14555A5019628E9700B35CBD /* PBXTargetDependency */,
			);
			name = KeepItTests;
			productName = KeepItTests;
			productReference = 14555A4A19628E9700B35CBD /* KeepItTests.xctest */;
			productType = "com.apple.product-type.bundle.unit-test";
		};
/* End PBXNativeTarget section */

/* Begin PBXProject section */
		14555A1E19628E9700B35CBD /* Project object */ = {
			isa = PBXProject;
			attributes = {
				LastUpgradeCheck = 0510;
				ORGANIZATIONNAME = Elvis;
				TargetAttributes = {
					14555A4919628E9700B35CBD = {
						TestTargetID = 14555A2519628E9700B35CBD;
					};
				};
			};
			buildConfigurationList = 14555A2119628E9700B35CBD /* Build configuration list for PBXProject "KeepIt" */;
			compatibilityVersion = "Xcode 3.2";
			developmentRegion = English;
			hasScannedForEncodings = 0;
			knownRegions = (
				en,
				Base,
			);
			mainGroup = 14555A1D19628E9700B35CBD;
			productRefGroup = 14555A2719628E9700B35CBD /* Products */;
			projectDirPath = "";
			projectRoot = "";
			targets = (
				14555A2519628E9700B35CBD /* KeepIt */,
				14555A4919628E9700B35CBD /* KeepItTests */,
			);
		};
/* End PBXProject section */

/* Begin PBXResourcesBuildPhase section */
		14555A2419628E9700B35CBD /* Resources */ = {
			isa = PBXResourcesBuildPhase;
			buildActionMask = 2147483647;
			files = (
				142A2B631967A03400CFBC1A /* database.db in Resources */,
				14555A4019628E9700B35CBD /* Main_iPad.storyboard in Resources */,
				14555A4519628E9700B35CBD /* Images.xcassets in Resources */,
				14555A3D19628E9700B35CBD /* Main_iPhone.storyboard in Resources */,
				14555A3419628E9700B35CBD /* InfoPlist.strings in Resources */,
			);
			runOnlyForDeploymentPostprocessing = 0;
		};
		14555A4819628E9700B35CBD /* Resources */ = {
			isa = PBXResourcesBuildPhase;
			buildActionMask = 2147483647;
			files = (
				14555A5619628E9700B35CBD /* InfoPlist.strings in Resources */,
			);
			runOnlyForDeploymentPostprocessing = 0;
		};
/* End PBXResourcesBuildPhase section */

/* Begin PBXShellScriptBuildPhase section */
		04BBBE5EEC074E64A7B51DAE /* Check Pods Manifest.lock */ = {
			isa = PBXShellScriptBuildPhase;
			buildActionMask = 2147483647;
			files = (
			);
			inputPaths = (
			);
			name = "Check Pods Manifest.lock";
			outputPaths = (
			);
			runOnlyForDeploymentPostprocessing = 0;
			shellPath = /bin/sh;
			shellScript = "diff \"${PODS_ROOT}/../Podfile.lock\" \"${PODS_ROOT}/Manifest.lock\" > /dev/null\nif [[ $? != 0 ]] ; then\n    cat << EOM\nerror: The sandbox is not in sync with the Podfile.lock. Run 'pod install' or update your CocoaPods installation.\nEOM\n    exit 1\nfi\n";
			showEnvVarsInLog = 0;
		};
		76CA7D8F00294625AFBEF4DE /* Copy Pods Resources */ = {
			isa = PBXShellScriptBuildPhase;
			buildActionMask = 2147483647;
			files = (
			);
			inputPaths = (
			);
			name = "Copy Pods Resources";
			outputPaths = (
			);
			runOnlyForDeploymentPostprocessing = 0;
			shellPath = /bin/sh;
			shellScript = "\"${SRCROOT}/Pods/Pods-resources.sh\"\n";
			showEnvVarsInLog = 0;
		};
/* End PBXShellScriptBuildPhase section */

/* Begin PBXSourcesBuildPhase section */
		14555A2219628E9700B35CBD /* Sources */ = {
			isa = PBXSourcesBuildPhase;
			buildActionMask = 2147483647;
			files = (
				142A2B6C1968FD7A00CFBC1A /* KIEntryForAllTableViewCell.m in Sources */,
				149B1AD5197124BF00C289EA /* KIHistoryByDateViewController.m in Sources */,
				149B1AD81971264900C289EA /* KIHistoryPageViewController.m in Sources */,
				142A2B6119679D9600CFBC1A /* KIConstant.m in Sources */,
				142A2B801969895F00CFBC1A /* KIDBRatingAccess.m in Sources */,
				142A2B6619682A5000CFBC1A /* KIAllEntriesViewController.m in Sources */,
				142A2B021966DD6900CFBC1A /* KIDBEntryAccess.m in Sources */,
				142A2A1A19654B5E00CFBC1A /* KIUserAuthenticationViewController.m in Sources */,
				14555A3A19628E9700B35CBD /* AppDelegate.m in Sources */,
				14555A3619628E9700B35CBD /* main.m in Sources */,
				142A2AF81966D61D00CFBC1A /* KIFileManager.m in Sources */,
				142A2AF11966D19900CFBC1A /* KIEntry.m in Sources */,
				142A2B781969529E00CFBC1A /* KIEntryTableViewCell.m in Sources */,
				142A2B5D1967723300CFBC1A /* KIDBInitializer.m in Sources */,
				142A2B6F19691C3B00CFBC1A /* KITodayViewController.m in Sources */,
				142A2AFE1966D98F00CFBC1A /* KIEntryManager.m in Sources */,
				142A2B6919682FE200CFBC1A /* KIAddEntryViewController.m in Sources */,
				142A2B7B1969602A00CFBC1A /* KIRating.m in Sources */,
				142A296B1963B40C00CFBC1A /* KIHomeViewController.m in Sources */,
				142A2B051966E08000CFBC1A /* KIDataAccess.m in Sources */,
				142A2B8319698EE800CFBC1A /* KIRatingManager.m in Sources */,
				142A2B741969503300CFBC1A /* RatingView.m in Sources */,
				142A2A131965459300CFBC1A /* KISettingViewController.m in Sources */,
				142A2AF51966D5FC00CFBC1A /* KIFIle.m in Sources */,
			);
			runOnlyForDeploymentPostprocessing = 0;
		};
		14555A4619628E9700B35CBD /* Sources */ = {
			isa = PBXSourcesBuildPhase;
			buildActionMask = 2147483647;
			files = (
				14555A5819628E9700B35CBD /* KeepItTests.m in Sources */,
			);
			runOnlyForDeploymentPostprocessing = 0;
		};
/* End PBXSourcesBuildPhase section */

/* Begin PBXTargetDependency section */
		14555A5019628E9700B35CBD /* PBXTargetDependency */ = {
			isa = PBXTargetDependency;
			target = 14555A2519628E9700B35CBD /* KeepIt */;
			targetProxy = 14555A4F19628E9700B35CBD /* PBXContainerItemProxy */;
		};
/* End PBXTargetDependency section */

/* Begin PBXVariantGroup section */
		14555A3219628E9700B35CBD /* InfoPlist.strings */ = {
			isa = PBXVariantGroup;
			children = (
				14555A3319628E9700B35CBD /* en */,
			);
			name = InfoPlist.strings;
			sourceTree = "<group>";
		};
		14555A3B19628E9700B35CBD /* Main_iPhone.storyboard */ = {
			isa = PBXVariantGroup;
			children = (
				14555A3C19628E9700B35CBD /* Base */,
			);
			name = Main_iPhone.storyboard;
			sourceTree = "<group>";
		};
		14555A3E19628E9700B35CBD /* Main_iPad.storyboard */ = {
			isa = PBXVariantGroup;
			children = (
				14555A3F19628E9700B35CBD /* Base */,
			);
			name = Main_iPad.storyboard;
			sourceTree = "<group>";
		};
		14555A5419628E9700B35CBD /* InfoPlist.strings */ = {
			isa = PBXVariantGroup;
			children = (
				14555A5519628E9700B35CBD /* en */,
			);
			name = InfoPlist.strings;
			sourceTree = "<group>";
		};
/* End PBXVariantGroup section */

/* Begin XCBuildConfiguration section */
		14555A5919628E9700B35CBD /* Debug */ = {
			isa = XCBuildConfiguration;
			buildSettings = {
				ALWAYS_SEARCH_USER_PATHS = NO;
				CLANG_CXX_LANGUAGE_STANDARD = "gnu++0x";
				CLANG_CXX_LIBRARY = "libc++";
				CLANG_ENABLE_MODULES = YES;
				CLANG_ENABLE_OBJC_ARC = YES;
				CLANG_WARN_BOOL_CONVERSION = YES;
				CLANG_WARN_CONSTANT_CONVERSION = YES;
				CLANG_WARN_DIRECT_OBJC_ISA_USAGE = YES_ERROR;
				CLANG_WARN_EMPTY_BODY = YES;
				CLANG_WARN_ENUM_CONVERSION = YES;
				CLANG_WARN_INT_CONVERSION = YES;
				CLANG_WARN_OBJC_ROOT_CLASS = YES_ERROR;
				CLANG_WARN__DUPLICATE_METHOD_MATCH = YES;
				"CODE_SIGN_IDENTITY[sdk=iphoneos*]" = "iPhone Developer";
				COPY_PHASE_STRIP = NO;
				GCC_C_LANGUAGE_STANDARD = gnu99;
				GCC_DYNAMIC_NO_PIC = NO;
				GCC_OPTIMIZATION_LEVEL = 0;
				GCC_PREPROCESSOR_DEFINITIONS = (
					"DEBUG=1",
					"$(inherited)",
				);
				GCC_SYMBOLS_PRIVATE_EXTERN = NO;
				GCC_WARN_64_TO_32_BIT_CONVERSION = YES;
				GCC_WARN_ABOUT_RETURN_TYPE = YES_ERROR;
				GCC_WARN_UNDECLARED_SELECTOR = YES;
				GCC_WARN_UNINITIALIZED_AUTOS = YES_AGGRESSIVE;
				GCC_WARN_UNUSED_FUNCTION = YES;
				GCC_WARN_UNUSED_VARIABLE = YES;
				IPHONEOS_DEPLOYMENT_TARGET = 7.1;
				ONLY_ACTIVE_ARCH = YES;
				SDKROOT = iphoneos;
				TARGETED_DEVICE_FAMILY = "1,2";
			};
			name = Debug;
		};
		14555A5A19628E9700B35CBD /* Release */ = {
			isa = XCBuildConfiguration;
			buildSettings = {
				ALWAYS_SEARCH_USER_PATHS = NO;
				CLANG_CXX_LANGUAGE_STANDARD = "gnu++0x";
				CLANG_CXX_LIBRARY = "libc++";
				CLANG_ENABLE_MODULES = YES;
				CLANG_ENABLE_OBJC_ARC = YES;
				CLANG_WARN_BOOL_CONVERSION = YES;
				CLANG_WARN_CONSTANT_CONVERSION = YES;
				CLANG_WARN_DIRECT_OBJC_ISA_USAGE = YES_ERROR;
				CLANG_WARN_EMPTY_BODY = YES;
				CLANG_WARN_ENUM_CONVERSION = YES;
				CLANG_WARN_INT_CONVERSION = YES;
				CLANG_WARN_OBJC_ROOT_CLASS = YES_ERROR;
				CLANG_WARN__DUPLICATE_METHOD_MATCH = YES;
				"CODE_SIGN_IDENTITY[sdk=iphoneos*]" = "iPhone Developer";
				COPY_PHASE_STRIP = YES;
				ENABLE_NS_ASSERTIONS = NO;
				GCC_C_LANGUAGE_STANDARD = gnu99;
				GCC_WARN_64_TO_32_BIT_CONVERSION = YES;
				GCC_WARN_ABOUT_RETURN_TYPE = YES_ERROR;
				GCC_WARN_UNDECLARED_SELECTOR = YES;
				GCC_WARN_UNINITIALIZED_AUTOS = YES_AGGRESSIVE;
				GCC_WARN_UNUSED_FUNCTION = YES;
				GCC_WARN_UNUSED_VARIABLE = YES;
				IPHONEOS_DEPLOYMENT_TARGET = 7.1;
				SDKROOT = iphoneos;
				TARGETED_DEVICE_FAMILY = "1,2";
				VALIDATE_PRODUCT = YES;
			};
			name = Release;
		};
		14555A5C19628E9700B35CBD /* Debug */ = {
			isa = XCBuildConfiguration;
			baseConfigurationReference = 3481D7DE6B1F4A398CA53AE6 /* Pods.xcconfig */;
			buildSettings = {
				ASSETCATALOG_COMPILER_APPICON_NAME = AppIcon;
				ASSETCATALOG_COMPILER_LAUNCHIMAGE_NAME = LaunchImage;
				FRAMEWORK_SEARCH_PATHS = (
					"$(inherited)",
					"$(PROJECT_DIR)",
				);
				GCC_PRECOMPILE_PREFIX_HEADER = YES;
				GCC_PREFIX_HEADER = "KeepIt/KeepIt-Prefix.pch";
				INFOPLIST_FILE = "KeepIt/KeepIt-Info.plist";
				PRODUCT_NAME = "$(TARGET_NAME)";
				WRAPPER_EXTENSION = app;
			};
			name = Debug;
		};
		14555A5D19628E9700B35CBD /* Release */ = {
			isa = XCBuildConfiguration;
			baseConfigurationReference = 3481D7DE6B1F4A398CA53AE6 /* Pods.xcconfig */;
			buildSettings = {
				ASSETCATALOG_COMPILER_APPICON_NAME = AppIcon;
				ASSETCATALOG_COMPILER_LAUNCHIMAGE_NAME = LaunchImage;
				FRAMEWORK_SEARCH_PATHS = (
					"$(inherited)",
					"$(PROJECT_DIR)",
				);
				GCC_PRECOMPILE_PREFIX_HEADER = YES;
				GCC_PREFIX_HEADER = "KeepIt/KeepIt-Prefix.pch";
				INFOPLIST_FILE = "KeepIt/KeepIt-Info.plist";
				PRODUCT_NAME = "$(TARGET_NAME)";
				WRAPPER_EXTENSION = app;
			};
			name = Release;
		};
		14555A5F19628E9700B35CBD /* Debug */ = {
			isa = XCBuildConfiguration;
			buildSettings = {
				BUNDLE_LOADER = "$(BUILT_PRODUCTS_DIR)/KeepIt.app/KeepIt";
				FRAMEWORK_SEARCH_PATHS = (
					"$(SDKROOT)/Developer/Library/Frameworks",
					"$(inherited)",
					"$(DEVELOPER_FRAMEWORKS_DIR)",
				);
				GCC_PRECOMPILE_PREFIX_HEADER = YES;
				GCC_PREFIX_HEADER = "KeepIt/KeepIt-Prefix.pch";
				GCC_PREPROCESSOR_DEFINITIONS = (
					"DEBUG=1",
					"$(inherited)",
				);
				INFOPLIST_FILE = "KeepItTests/KeepItTests-Info.plist";
				PRODUCT_NAME = "$(TARGET_NAME)";
				TEST_HOST = "$(BUNDLE_LOADER)";
				WRAPPER_EXTENSION = xctest;
			};
			name = Debug;
		};
		14555A6019628E9700B35CBD /* Release */ = {
			isa = XCBuildConfiguration;
			buildSettings = {
				BUNDLE_LOADER = "$(BUILT_PRODUCTS_DIR)/KeepIt.app/KeepIt";
				FRAMEWORK_SEARCH_PATHS = (
					"$(SDKROOT)/Developer/Library/Frameworks",
					"$(inherited)",
					"$(DEVELOPER_FRAMEWORKS_DIR)",
				);
				GCC_PRECOMPILE_PREFIX_HEADER = YES;
				GCC_PREFIX_HEADER = "KeepIt/KeepIt-Prefix.pch";
				INFOPLIST_FILE = "KeepItTests/KeepItTests-Info.plist";
				PRODUCT_NAME = "$(TARGET_NAME)";
				TEST_HOST = "$(BUNDLE_LOADER)";
				WRAPPER_EXTENSION = xctest;
			};
			name = Release;
		};
/* End XCBuildConfiguration section */

/* Begin XCConfigurationList section */
		14555A2119628E9700B35CBD /* Build configuration list for PBXProject "KeepIt" */ = {
			isa = XCConfigurationList;
			buildConfigurations = (
				14555A5919628E9700B35CBD /* Debug */,
				14555A5A19628E9700B35CBD /* Release */,
			);
			defaultConfigurationIsVisible = 0;
			defaultConfigurationName = Release;
		};
		14555A5B19628E9700B35CBD /* Build configuration list for PBXNativeTarget "KeepIt" */ = {
			isa = XCConfigurationList;
			buildConfigurations = (
				14555A5C19628E9700B35CBD /* Debug */,
				14555A5D19628E9700B35CBD /* Release */,
			);
			defaultConfigurationIsVisible = 0;
			defaultConfigurationName = Release;
		};
		14555A5E19628E9700B35CBD /* Build configuration list for PBXNativeTarget "KeepItTests" */ = {
			isa = XCConfigurationList;
			buildConfigurations = (
				14555A5F19628E9700B35CBD /* Debug */,
				14555A6019628E9700B35CBD /* Release */,
			);
			defaultConfigurationIsVisible = 0;
			defaultConfigurationName = Release;
		};
/* End XCConfigurationList section */
	};
	rootObject = 14555A1E19628E9700B35CBD /* Project object */;
}
