// !$*UTF8*$!
{
	archiveVersion = 1;
	classes = {
	};
	objectVersion = 46;
	objects = {

/* Begin PBXBuildFile section */
		142A296B1963B40C00CFBC1A /* HomeViewController.m in Sources */ = {isa = PBXBuildFile; fileRef = 142A296A1963B40C00CFBC1A /* HomeViewController.m */; };
		14555A2A19628E9700B35CBD /* Foundation.framework in Frameworks */ = {isa = PBXBuildFile; fileRef = 14555A2919628E9700B35CBD /* Foundation.framework */; };
		14555A2C19628E9700B35CBD /* CoreGraphics.framework in Frameworks */ = {isa = PBXBuildFile; fileRef = 14555A2B19628E9700B35CBD /* CoreGraphics.framework */; };
		14555A2E19628E9700B35CBD /* UIKit.framework in Frameworks */ = {isa = PBXBuildFile; fileRef = 14555A2D19628E9700B35CBD /* UIKit.framework */; };
		14555A3419628E9700B35CBD /* InfoPlist.strings in Resources */ = {isa = PBXBuildFile; fileRef = 14555A3219628E9700B35CBD /* InfoPlist.strings */; };
		14555A3619628E9700B35CBD /* main.m in Sources */ = {isa = PBXBuildFile; fileRef = 14555A3519628E9700B35CBD /* main.m */; };
		14555A3A19628E9700B35CBD /* AppDelegate.m in Sources */ = {isa = PBXBuildFile; fileRef = 14555A3919628E9700B35CBD /* AppDelegate.m */; };
		14555A3D19628E9700B35CBD /* Main_iPhone.storyboard in Resources */ = {isa = PBXBuildFile; fileRef = 14555A3B19628E9700B35CBD /* Main_iPhone.storyboard */; };
		14555A4019628E9700B35CBD /* Main_iPad.storyboard in Resources */ = {isa = PBXBuildFile; fileRef = 14555A3E19628E9700B35CBD /* Main_iPad.storyboard */; };
		14555A4319628E9700B35CBD /* ViewController.m in Sources */ = {isa = PBXBuildFile; fileRef = 14555A4219628E9700B35CBD /* ViewController.m */; };
		14555A4519628E9700B35CBD /* Images.xcassets in Resources */ = {isa = PBXBuildFile; fileRef = 14555A4419628E9700B35CBD /* Images.xcassets */; };
		14555A4C19628E9700B35CBD /* XCTest.framework in Frameworks */ = {isa = PBXBuildFile; fileRef = 14555A4B19628E9700B35CBD /* XCTest.framework */; };
		14555A4D19628E9700B35CBD /* Foundation.framework in Frameworks */ = {isa = PBXBuildFile; fileRef = 14555A2919628E9700B35CBD /* Foundation.framework */; };
		14555A4E19628E9700B35CBD /* UIKit.framework in Frameworks */ = {isa = PBXBuildFile; fileRef = 14555A2D19628E9700B35CBD /* UIKit.framework */; };
		14555A5619628E9700B35CBD /* InfoPlist.strings in Resources */ = {isa = PBXBuildFile; fileRef = 14555A5419628E9700B35CBD /* InfoPlist.strings */; };
		14555A5819628E9700B35CBD /* KeepItTests.m in Sources */ = {isa = PBXBuildFile; fileRef = 14555A5719628E9700B35CBD /* KeepItTests.m */; };
		14555A6219628F1B00B35CBD /* Parse.framework in Frameworks */ = {isa = PBXBuildFile; fileRef = 14555A6119628F1B00B35CBD /* Parse.framework */; };
		14555A64196290C500B35CBD /* AudioToolbox.framework in Frameworks */ = {isa = PBXBuildFile; fileRef = 14555A63196290C500B35CBD /* AudioToolbox.framework */; };
		14555A66196290CA00B35CBD /* CFNetwork.framework in Frameworks */ = {isa = PBXBuildFile; fileRef = 14555A65196290CA00B35CBD /* CFNetwork.framework */; };
		14555A68196290D700B35CBD /* CoreLocation.framework in Frameworks */ = {isa = PBXBuildFile; fileRef = 14555A67196290D700B35CBD /* CoreLocation.framework */; };
		14555A6A196290E200B35CBD /* libz.1.1.3.dylib in Frameworks */ = {isa = PBXBuildFile; fileRef = 14555A69196290E200B35CBD /* libz.1.1.3.dylib */; };
		14555A6C196290E900B35CBD /* MobileCoreServices.framework in Frameworks */ = {isa = PBXBuildFile; fileRef = 14555A6B196290E900B35CBD /* MobileCoreServices.framework */; };
		14555A6E196290F000B35CBD /* QuartzCore.framework in Frameworks */ = {isa = PBXBuildFile; fileRef = 14555A6D196290F000B35CBD /* QuartzCore.framework */; };
		14555A70196290F500B35CBD /* Security.framework in Frameworks */ = {isa = PBXBuildFile; fileRef = 14555A6F196290F500B35CBD /* Security.framework */; };
		14555A72196290FA00B35CBD /* StoreKit.framework in Frameworks */ = {isa = PBXBuildFile; fileRef = 14555A71196290FA00B35CBD /* StoreKit.framework */; };
		14555A741962910000B35CBD /* SystemConfiguration.framework in Frameworks */ = {isa = PBXBuildFile; fileRef = 14555A731962910000B35CBD /* SystemConfiguration.framework */; };
		14555A761962AC7D00B35CBD /* Social.framework in Frameworks */ = {isa = PBXBuildFile; fileRef = 14555A751962AC7D00B35CBD /* Social.framework */; };
		14555A781962AD5100B35CBD /* Accounts.framework in Frameworks */ = {isa = PBXBuildFile; fileRef = 14555A771962AD5100B35CBD /* Accounts.framework */; };
/* End PBXBuildFile section */

/* Begin PBXContainerItemProxy section */
		14555A4F19628E9700B35CBD /* PBXContainerItemProxy */ = {
			isa = PBXContainerItemProxy;
			containerPortal = 14555A1E19628E9700B35CBD /* Project object */;
			proxyType = 1;
			remoteGlobalIDString = 14555A2519628E9700B35CBD;
			remoteInfo = KeepIt;
		};
/* End PBXContainerItemProxy section */

/* Begin PBXFileReference section */
		142A29691963B40C00CFBC1A /* HomeViewController.h */ = {isa = PBXFileReference; fileEncoding = 4; lastKnownFileType = sourcecode.c.h; name = HomeViewController.h; path = ViewControllers/HomeViewController.h; sourceTree = "<group>"; };
		142A296A1963B40C00CFBC1A /* HomeViewController.m */ = {isa = PBXFileReference; fileEncoding = 4; lastKnownFileType = sourcecode.c.objc; name = HomeViewController.m; path = ViewControllers/HomeViewController.m; sourceTree = "<group>"; };
		14555A2619628E9700B35CBD /* KeepIt.app */ = {isa = PBXFileReference; explicitFileType = wrapper.application; includeInIndex = 0; path = KeepIt.app; sourceTree = BUILT_PRODUCTS_DIR; };
		14555A2919628E9700B35CBD /* Foundation.framework */ = {isa = PBXFileReference; lastKnownFileType = wrapper.framework; name = Foundation.framework; path = System/Library/Frameworks/Foundation.framework; sourceTree = SDKROOT; };
		14555A2B19628E9700B35CBD /* CoreGraphics.framework */ = {isa = PBXFileReference; lastKnownFileType = wrapper.framework; name = CoreGraphics.framework; path = System/Library/Frameworks/CoreGraphics.framework; sourceTree = SDKROOT; };
		14555A2D19628E9700B35CBD /* UIKit.framework */ = {isa = PBXFileReference; lastKnownFileType = wrapper.framework; name = UIKit.framework; path = System/Library/Frameworks/UIKit.framework; sourceTree = SDKROOT; };
		14555A3119628E9700B35CBD /* KeepIt-Info.plist */ = {isa = PBXFileReference; lastKnownFileType = text.plist.xml; path = "KeepIt-Info.plist"; sourceTree = "<group>"; };
		14555A3319628E9700B35CBD /* en */ = {isa = PBXFileReference; lastKnownFileType = text.plist.strings; name = en; path = en.lproj/InfoPlist.strings; sourceTree = "<group>"; };
		14555A3519628E9700B35CBD /* main.m */ = {isa = PBXFileReference; lastKnownFileType = sourcecode.c.objc; path = main.m; sourceTree = "<group>"; };
		14555A3719628E9700B35CBD /* KeepIt-Prefix.pch */ = {isa = PBXFileReference; lastKnownFileType = sourcecode.c.h; path = "KeepIt-Prefix.pch"; sourceTree = "<group>"; };
		14555A3819628E9700B35CBD /* AppDelegate.h */ = {isa = PBXFileReference; lastKnownFileType = sourcecode.c.h; path = AppDelegate.h; sourceTree = "<group>"; };
		14555A3919628E9700B35CBD /* AppDelegate.m */ = {isa = PBXFileReference; lastKnownFileType = sourcecode.c.objc; path = AppDelegate.m; sourceTree = "<group>"; };
		14555A3C19628E9700B35CBD /* Base */ = {isa = PBXFileReference; lastKnownFileType = file.storyboard; name = Base; path = Base.lproj/Main_iPhone.storyboard; sourceTree = "<group>"; };
		14555A3F19628E9700B35CBD /* Base */ = {isa = PBXFileReference; lastKnownFileType = file.storyboard; name = Base; path = Base.lproj/Main_iPad.storyboard; sourceTree = "<group>"; };
		14555A4119628E9700B35CBD /* ViewController.h */ = {isa = PBXFileReference; lastKnownFileType = sourcecode.c.h; path = ViewController.h; sourceTree = "<group>"; };
		14555A4219628E9700B35CBD /* ViewController.m */ = {isa = PBXFileReference; lastKnownFileType = sourcecode.c.objc; path = ViewController.m; sourceTree = "<group>"; };
		14555A4419628E9700B35CBD /* Images.xcassets */ = {isa = PBXFileReference; lastKnownFileType = folder.assetcatalog; path = Images.xcassets; sourceTree = "<group>"; };
		14555A4A19628E9700B35CBD /* KeepItTests.xctest */ = {isa = PBXFileReference; explicitFileType = wrapper.cfbundle; includeInIndex = 0; path = KeepItTests.xctest; sourceTree = BUILT_PRODUCTS_DIR; };
		14555A4B19628E9700B35CBD /* XCTest.framework */ = {isa = PBXFileReference; lastKnownFileType = wrapper.framework; name = XCTest.framework; path = Library/Frameworks/XCTest.framework; sourceTree = DEVELOPER_DIR; };
		14555A5319628E9700B35CBD /* KeepItTests-Info.plist */ = {isa = PBXFileReference; lastKnownFileType = text.plist.xml; path = "KeepItTests-Info.plist"; sourceTree = "<group>"; };
		14555A5519628E9700B35CBD /* en */ = {isa = PBXFileReference; lastKnownFileType = text.plist.strings; name = en; path = en.lproj/InfoPlist.strings; sourceTree = "<group>"; };
		14555A5719628E9700B35CBD /* KeepItTests.m */ = {isa = PBXFileReference; lastKnownFileType = sourcecode.c.objc; path = KeepItTests.m; sourceTree = "<group>"; };
		14555A6119628F1B00B35CBD /* Parse.framework */ = {isa = PBXFileReference; lastKnownFileType = wrapper.framework; path = Parse.framework; sourceTree = "<group>"; };
		14555A63196290C500B35CBD /* AudioToolbox.framework */ = {isa = PBXFileReference; lastKnownFileType = wrapper.framework; name = AudioToolbox.framework; path = System/Library/Frameworks/AudioToolbox.framework; sourceTree = SDKROOT; };
		14555A65196290CA00B35CBD /* CFNetwork.framework */ = {isa = PBXFileReference; lastKnownFileType = wrapper.framework; name = CFNetwork.framework; path = System/Library/Frameworks/CFNetwork.framework; sourceTree = SDKROOT; };
		14555A67196290D700B35CBD /* CoreLocation.framework */ = {isa = PBXFileReference; lastKnownFileType = wrapper.framework; name = CoreLocation.framework; path = System/Library/Frameworks/CoreLocation.framework; sourceTree = SDKROOT; };
		14555A69196290E200B35CBD /* libz.1.1.3.dylib */ = {isa = PBXFileReference; lastKnownFileType = "compiled.mach-o.dylib"; name = libz.1.1.3.dylib; path = usr/lib/libz.1.1.3.dylib; sourceTree = SDKROOT; };
		14555A6B196290E900B35CBD /* MobileCoreServices.framework */ = {isa = PBXFileReference; lastKnownFileType = wrapper.framework; name = MobileCoreServices.framework; path = System/Library/Frameworks/MobileCoreServices.framework; sourceTree = SDKROOT; };
		14555A6D196290F000B35CBD /* QuartzCore.framework */ = {isa = PBXFileReference; lastKnownFileType = wrapper.framework; name = QuartzCore.framework; path = System/Library/Frameworks/QuartzCore.framework; sourceTree = SDKROOT; };
		14555A6F196290F500B35CBD /* Security.framework */ = {isa = PBXFileReference; lastKnownFileType = wrapper.framework; name = Security.framework; path = System/Library/Frameworks/Security.framework; sourceTree = SDKROOT; };
		14555A71196290FA00B35CBD /* StoreKit.framework */ = {isa = PBXFileReference; lastKnownFileType = wrapper.framework; name = StoreKit.framework; path = System/Library/Frameworks/StoreKit.framework; sourceTree = SDKROOT; };
		14555A731962910000B35CBD /* SystemConfiguration.framework */ = {isa = PBXFileReference; lastKnownFileType = wrapper.framework; name = SystemConfiguration.framework; path = System/Library/Frameworks/SystemConfiguration.framework; sourceTree = SDKROOT; };
		14555A751962AC7D00B35CBD /* Social.framework */ = {isa = PBXFileReference; lastKnownFileType = wrapper.framework; name = Social.framework; path = System/Library/Frameworks/Social.framework; sourceTree = SDKROOT; };
		14555A771962AD5100B35CBD /* Accounts.framework */ = {isa = PBXFileReference; lastKnownFileType = wrapper.framework; name = Accounts.framework; path = System/Library/Frameworks/Accounts.framework; sourceTree = SDKROOT; };
/* End PBXFileReference section */

/* Begin PBXFrameworksBuildPhase section */
		14555A2319628E9700B35CBD /* Frameworks */ = {
			isa = PBXFrameworksBuildPhase;
			buildActionMask = 2147483647;
			files = (
				14555A781962AD5100B35CBD /* Accounts.framework in Frameworks */,
				14555A761962AC7D00B35CBD /* Social.framework in Frameworks */,
				14555A741962910000B35CBD /* SystemConfiguration.framework in Frameworks */,
				14555A72196290FA00B35CBD /* StoreKit.framework in Frameworks */,
				14555A70196290F500B35CBD /* Security.framework in Frameworks */,
				14555A6E196290F000B35CBD /* QuartzCore.framework in Frameworks */,
				14555A6C196290E900B35CBD /* MobileCoreServices.framework in Frameworks */,
				14555A6A196290E200B35CBD /* libz.1.1.3.dylib in Frameworks */,
				14555A68196290D700B35CBD /* CoreLocation.framework in Frameworks */,
				14555A2C19628E9700B35CBD /* CoreGraphics.framework in Frameworks */,
				14555A66196290CA00B35CBD /* CFNetwork.framework in Frameworks */,
				14555A64196290C500B35CBD /* AudioToolbox.framework in Frameworks */,
				14555A2E19628E9700B35CBD /* UIKit.framework in Frameworks */,
				14555A6219628F1B00B35CBD /* Parse.framework in Frameworks */,
				14555A2A19628E9700B35CBD /* Foundation.framework in Frameworks */,
			);
			runOnlyForDeploymentPostprocessing = 0;
		};
		14555A4719628E9700B35CBD /* Frameworks */ = {
			isa = PBXFrameworksBuildPhase;
			buildActionMask = 2147483647;
			files = (
				14555A4C19628E9700B35CBD /* XCTest.framework in Frameworks */,
				14555A4E19628E9700B35CBD /* UIKit.framework in Frameworks */,
				14555A4D19628E9700B35CBD /* Foundation.framework in Frameworks */,
			);
			runOnlyForDeploymentPostprocessing = 0;
		};
/* End PBXFrameworksBuildPhase section */

/* Begin PBXGroup section */
		142A29651963B2B700CFBC1A /* ViewControllers */ = {
			isa = PBXGroup;
			children = (
				142A29691963B40C00CFBC1A /* HomeViewController.h */,
				142A296A1963B40C00CFBC1A /* HomeViewController.m */,
			);
			name = ViewControllers;
			sourceTree = "<group>";
		};
		14555A1D19628E9700B35CBD = {
			isa = PBXGroup;
			children = (
				14555A2F19628E9700B35CBD /* KeepIt */,
				14555A5119628E9700B35CBD /* KeepItTests */,
				14555A2819628E9700B35CBD /* Frameworks */,
				14555A2719628E9700B35CBD /* Products */,
			);
			sourceTree = "<group>";
		};
		14555A2719628E9700B35CBD /* Products */ = {
			isa = PBXGroup;
			children = (
				14555A2619628E9700B35CBD /* KeepIt.app */,
				14555A4A19628E9700B35CBD /* KeepItTests.xctest */,
			);
			name = Products;
			sourceTree = "<group>";
		};
		14555A2819628E9700B35CBD /* Frameworks */ = {
			isa = PBXGroup;
			children = (
				14555A771962AD5100B35CBD /* Accounts.framework */,
				14555A751962AC7D00B35CBD /* Social.framework */,
				14555A731962910000B35CBD /* SystemConfiguration.framework */,
				14555A71196290FA00B35CBD /* StoreKit.framework */,
				14555A6F196290F500B35CBD /* Security.framework */,
				14555A6D196290F000B35CBD /* QuartzCore.framework */,
				14555A6B196290E900B35CBD /* MobileCoreServices.framework */,
				14555A69196290E200B35CBD /* libz.1.1.3.dylib */,
				14555A67196290D700B35CBD /* CoreLocation.framework */,
				14555A65196290CA00B35CBD /* CFNetwork.framework */,
				14555A63196290C500B35CBD /* AudioToolbox.framework */,
				14555A6119628F1B00B35CBD /* Parse.framework */,
				14555A2919628E9700B35CBD /* Foundation.framework */,
				14555A2B19628E9700B35CBD /* CoreGraphics.framework */,
				14555A2D19628E9700B35CBD /* UIKit.framework */,
				14555A4B19628E9700B35CBD /* XCTest.framework */,
			);
			name = Frameworks;
			sourceTree = "<group>";
		};
		14555A2F19628E9700B35CBD /* KeepIt */ = {
			isa = PBXGroup;
			children = (
				142A29651963B2B700CFBC1A /* ViewControllers */,
				14555A3819628E9700B35CBD /* AppDelegate.h */,
				14555A3919628E9700B35CBD /* AppDelegate.m */,
				14555A3B19628E9700B35CBD /* Main_iPhone.storyboard */,
				14555A3E19628E9700B35CBD /* Main_iPad.storyboard */,
				14555A4119628E9700B35CBD /* ViewController.h */,
				14555A4219628E9700B35CBD /* ViewController.m */,
				14555A4419628E9700B35CBD /* Images.xcassets */,
				14555A3019628E9700B35CBD /* Supporting Files */,
			);
			path = KeepIt;
			sourceTree = "<group>";
		};
		14555A3019628E9700B35CBD /* Supporting Files */ = {
			isa = PBXGroup;
			children = (
				14555A3119628E9700B35CBD /* KeepIt-Info.plist */,
				14555A3219628E9700B35CBD /* InfoPlist.strings */,
				14555A3519628E9700B35CBD /* main.m */,
				14555A3719628E9700B35CBD /* KeepIt-Prefix.pch */,
			);
			name = "Supporting Files";
			sourceTree = "<group>";
		};
		14555A5119628E9700B35CBD /* KeepItTests */ = {
			isa = PBXGroup;
			children = (
				14555A5719628E9700B35CBD /* KeepItTests.m */,
				14555A5219628E9700B35CBD /* Supporting Files */,
			);
			path = KeepItTests;
			sourceTree = "<group>";
		};
		14555A5219628E9700B35CBD /* Supporting Files */ = {
			isa = PBXGroup;
			children = (
				14555A5319628E9700B35CBD /* KeepItTests-Info.plist */,
				14555A5419628E9700B35CBD /* InfoPlist.strings */,
			);
			name = "Supporting Files";
			sourceTree = "<group>";
		};
/* End PBXGroup section */

/* Begin PBXNativeTarget section */
		14555A2519628E9700B35CBD /* KeepIt */ = {
			isa = PBXNativeTarget;
			buildConfigurationList = 14555A5B19628E9700B35CBD /* Build configuration list for PBXNativeTarget "KeepIt" */;
			buildPhases = (
				14555A2219628E9700B35CBD /* Sources */,
				14555A2319628E9700B35CBD /* Frameworks */,
				14555A2419628E9700B35CBD /* Resources */,
			);
			buildRules = (
			);
			dependencies = (
			);
			name = KeepIt;
			productName = KeepIt;
			productReference = 14555A2619628E9700B35CBD /* KeepIt.app */;
			productType = "com.apple.product-type.application";
		};
		14555A4919628E9700B35CBD /* KeepItTests */ = {
			isa = PBXNativeTarget;
			buildConfigurationList = 14555A5E19628E9700B35CBD /* Build configuration list for PBXNativeTarget "KeepItTests" */;
			buildPhases = (
				14555A4619628E9700B35CBD /* Sources */,
				14555A4719628E9700B35CBD /* Frameworks */,
				14555A4819628E9700B35CBD /* Resources */,
			);
			buildRules = (
			);
			dependencies = (
				14555A5019628E9700B35CBD /* PBXTargetDependency */,
			);
			name = KeepItTests;
			productName = KeepItTests;
			productReference = 14555A4A19628E9700B35CBD /* KeepItTests.xctest */;
			productType = "com.apple.product-type.bundle.unit-test";
		};
/* End PBXNativeTarget section */

/* Begin PBXProject section */
		14555A1E19628E9700B35CBD /* Project object */ = {
			isa = PBXProject;
			attributes = {
				LastUpgradeCheck = 0510;
				ORGANIZATIONNAME = Elvis;
				TargetAttributes = {
					14555A4919628E9700B35CBD = {
						TestTargetID = 14555A2519628E9700B35CBD;
					};
				};
			};
			buildConfigurationList = 14555A2119628E9700B35CBD /* Build configuration list for PBXProject "KeepIt" */;
			compatibilityVersion = "Xcode 3.2";
			developmentRegion = English;
			hasScannedForEncodings = 0;
			knownRegions = (
				en,
				Base,
			);
			mainGroup = 14555A1D19628E9700B35CBD;
			productRefGroup = 14555A2719628E9700B35CBD /* Products */;
			projectDirPath = "";
			projectRoot = "";
			targets = (
				14555A2519628E9700B35CBD /* KeepIt */,
				14555A4919628E9700B35CBD /* KeepItTests */,
			);
		};
/* End PBXProject section */

/* Begin PBXResourcesBuildPhase section */
		14555A2419628E9700B35CBD /* Resources */ = {
			isa = PBXResourcesBuildPhase;
			buildActionMask = 2147483647;
			files = (
				14555A4019628E9700B35CBD /* Main_iPad.storyboard in Resources */,
				14555A4519628E9700B35CBD /* Images.xcassets in Resources */,
				14555A3D19628E9700B35CBD /* Main_iPhone.storyboard in Resources */,
				14555A3419628E9700B35CBD /* InfoPlist.strings in Resources */,
			);
			runOnlyForDeploymentPostprocessing = 0;
		};
		14555A4819628E9700B35CBD /* Resources */ = {
			isa = PBXResourcesBuildPhase;
			buildActionMask = 2147483647;
			files = (
				14555A5619628E9700B35CBD /* InfoPlist.strings in Resources */,
			);
			runOnlyForDeploymentPostprocessing = 0;
		};
/* End PBXResourcesBuildPhase section */

/* Begin PBXSourcesBuildPhase section */
		14555A2219628E9700B35CBD /* Sources */ = {
			isa = PBXSourcesBuildPhase;
			buildActionMask = 2147483647;
			files = (
				14555A4319628E9700B35CBD /* ViewController.m in Sources */,
				14555A3A19628E9700B35CBD /* AppDelegate.m in Sources */,
				14555A3619628E9700B35CBD /* main.m in Sources */,
				142A296B1963B40C00CFBC1A /* HomeViewController.m in Sources */,
			);
			runOnlyForDeploymentPostprocessing = 0;
		};
		14555A4619628E9700B35CBD /* Sources */ = {
			isa = PBXSourcesBuildPhase;
			buildActionMask = 2147483647;
			files = (
				14555A5819628E9700B35CBD /* KeepItTests.m in Sources */,
			);
			runOnlyForDeploymentPostprocessing = 0;
		};
/* End PBXSourcesBuildPhase section */

/* Begin PBXTargetDependency section */
		14555A5019628E9700B35CBD /* PBXTargetDependency */ = {
			isa = PBXTargetDependency;
			target = 14555A2519628E9700B35CBD /* KeepIt */;
			targetProxy = 14555A4F19628E9700B35CBD /* PBXContainerItemProxy */;
		};
/* End PBXTargetDependency section */

/* Begin PBXVariantGroup section */
		14555A3219628E9700B35CBD /* InfoPlist.strings */ = {
			isa = PBXVariantGroup;
			children = (
				14555A3319628E9700B35CBD /* en */,
			);
			name = InfoPlist.strings;
			sourceTree = "<group>";
		};
		14555A3B19628E9700B35CBD /* Main_iPhone.storyboard */ = {
			isa = PBXVariantGroup;
			children = (
				14555A3C19628E9700B35CBD /* Base */,
			);
			name = Main_iPhone.storyboard;
			sourceTree = "<group>";
		};
		14555A3E19628E9700B35CBD /* Main_iPad.storyboard */ = {
			isa = PBXVariantGroup;
			children = (
				14555A3F19628E9700B35CBD /* Base */,
			);
			name = Main_iPad.storyboard;
			sourceTree = "<group>";
		};
		14555A5419628E9700B35CBD /* InfoPlist.strings */ = {
			isa = PBXVariantGroup;
			children = (
				14555A5519628E9700B35CBD /* en */,
			);
			name = InfoPlist.strings;
			sourceTree = "<group>";
		};
/* End PBXVariantGroup section */

/* Begin XCBuildConfiguration section */
		14555A5919628E9700B35CBD /* Debug */ = {
			isa = XCBuildConfiguration;
			buildSettings = {
				ALWAYS_SEARCH_USER_PATHS = NO;
				CLANG_CXX_LANGUAGE_STANDARD = "gnu++0x";
				CLANG_CXX_LIBRARY = "libc++";
				CLANG_ENABLE_MODULES = YES;
				CLANG_ENABLE_OBJC_ARC = YES;
				CLANG_WARN_BOOL_CONVERSION = YES;
				CLANG_WARN_CONSTANT_CONVERSION = YES;
				CLANG_WARN_DIRECT_OBJC_ISA_USAGE = YES_ERROR;
				CLANG_WARN_EMPTY_BODY = YES;
				CLANG_WARN_ENUM_CONVERSION = YES;
				CLANG_WARN_INT_CONVERSION = YES;
				CLANG_WARN_OBJC_ROOT_CLASS = YES_ERROR;
				CLANG_WARN__DUPLICATE_METHOD_MATCH = YES;
				"CODE_SIGN_IDENTITY[sdk=iphoneos*]" = "iPhone Developer";
				COPY_PHASE_STRIP = NO;
				GCC_C_LANGUAGE_STANDARD = gnu99;
				GCC_DYNAMIC_NO_PIC = NO;
				GCC_OPTIMIZATION_LEVEL = 0;
				GCC_PREPROCESSOR_DEFINITIONS = (
					"DEBUG=1",
					"$(inherited)",
				);
				GCC_SYMBOLS_PRIVATE_EXTERN = NO;
				GCC_WARN_64_TO_32_BIT_CONVERSION = YES;
				GCC_WARN_ABOUT_RETURN_TYPE = YES_ERROR;
				GCC_WARN_UNDECLARED_SELECTOR = YES;
				GCC_WARN_UNINITIALIZED_AUTOS = YES_AGGRESSIVE;
				GCC_WARN_UNUSED_FUNCTION = YES;
				GCC_WARN_UNUSED_VARIABLE = YES;
				IPHONEOS_DEPLOYMENT_TARGET = 7.1;
				ONLY_ACTIVE_ARCH = YES;
				SDKROOT = iphoneos;
				TARGETED_DEVICE_FAMILY = "1,2";
			};
			name = Debug;
		};
		14555A5A19628E9700B35CBD /* Release */ = {
			isa = XCBuildConfiguration;
			buildSettings = {
				ALWAYS_SEARCH_USER_PATHS = NO;
				CLANG_CXX_LANGUAGE_STANDARD = "gnu++0x";
				CLANG_CXX_LIBRARY = "libc++";
				CLANG_ENABLE_MODULES = YES;
				CLANG_ENABLE_OBJC_ARC = YES;
				CLANG_WARN_BOOL_CONVERSION = YES;
				CLANG_WARN_CONSTANT_CONVERSION = YES;
				CLANG_WARN_DIRECT_OBJC_ISA_USAGE = YES_ERROR;
				CLANG_WARN_EMPTY_BODY = YES;
				CLANG_WARN_ENUM_CONVERSION = YES;
				CLANG_WARN_INT_CONVERSION = YES;
				CLANG_WARN_OBJC_ROOT_CLASS = YES_ERROR;
				CLANG_WARN__DUPLICATE_METHOD_MATCH = YES;
				"CODE_SIGN_IDENTITY[sdk=iphoneos*]" = "iPhone Developer";
				COPY_PHASE_STRIP = YES;
				ENABLE_NS_ASSERTIONS = NO;
				GCC_C_LANGUAGE_STANDARD = gnu99;
				GCC_WARN_64_TO_32_BIT_CONVERSION = YES;
				GCC_WARN_ABOUT_RETURN_TYPE = YES_ERROR;
				GCC_WARN_UNDECLARED_SELECTOR = YES;
				GCC_WARN_UNINITIALIZED_AUTOS = YES_AGGRESSIVE;
				GCC_WARN_UNUSED_FUNCTION = YES;
				GCC_WARN_UNUSED_VARIABLE = YES;
				IPHONEOS_DEPLOYMENT_TARGET = 7.1;
				SDKROOT = iphoneos;
				TARGETED_DEVICE_FAMILY = "1,2";
				VALIDATE_PRODUCT = YES;
			};
			name = Release;
		};
		14555A5C19628E9700B35CBD /* Debug */ = {
			isa = XCBuildConfiguration;
			buildSettings = {
				ASSETCATALOG_COMPILER_APPICON_NAME = AppIcon;
				ASSETCATALOG_COMPILER_LAUNCHIMAGE_NAME = LaunchImage;
				FRAMEWORK_SEARCH_PATHS = (
					"$(inherited)",
					"$(PROJECT_DIR)",
				);
				GCC_PRECOMPILE_PREFIX_HEADER = YES;
				GCC_PREFIX_HEADER = "KeepIt/KeepIt-Prefix.pch";
				INFOPLIST_FILE = "KeepIt/KeepIt-Info.plist";
				PRODUCT_NAME = "$(TARGET_NAME)";
				WRAPPER_EXTENSION = app;
			};
			name = Debug;
		};
		14555A5D19628E9700B35CBD /* Release */ = {
			isa = XCBuildConfiguration;
			buildSettings = {
				ASSETCATALOG_COMPILER_APPICON_NAME = AppIcon;
				ASSETCATALOG_COMPILER_LAUNCHIMAGE_NAME = LaunchImage;
				FRAMEWORK_SEARCH_PATHS = (
					"$(inherited)",
					"$(PROJECT_DIR)",
				);
				GCC_PRECOMPILE_PREFIX_HEADER = YES;
				GCC_PREFIX_HEADER = "KeepIt/KeepIt-Prefix.pch";
				INFOPLIST_FILE = "KeepIt/KeepIt-Info.plist";
				PRODUCT_NAME = "$(TARGET_NAME)";
				WRAPPER_EXTENSION = app;
			};
			name = Release;
		};
		14555A5F19628E9700B35CBD /* Debug */ = {
			isa = XCBuildConfiguration;
			buildSettings = {
				BUNDLE_LOADER = "$(BUILT_PRODUCTS_DIR)/KeepIt.app/KeepIt";
				FRAMEWORK_SEARCH_PATHS = (
					"$(SDKROOT)/Developer/Library/Frameworks",
					"$(inherited)",
					"$(DEVELOPER_FRAMEWORKS_DIR)",
				);
				GCC_PRECOMPILE_PREFIX_HEADER = YES;
				GCC_PREFIX_HEADER = "KeepIt/KeepIt-Prefix.pch";
				GCC_PREPROCESSOR_DEFINITIONS = (
					"DEBUG=1",
					"$(inherited)",
				);
				INFOPLIST_FILE = "KeepItTests/KeepItTests-Info.plist";
				PRODUCT_NAME = "$(TARGET_NAME)";
				TEST_HOST = "$(BUNDLE_LOADER)";
				WRAPPER_EXTENSION = xctest;
			};
			name = Debug;
		};
		14555A6019628E9700B35CBD /* Release */ = {
			isa = XCBuildConfiguration;
			buildSettings = {
				BUNDLE_LOADER = "$(BUILT_PRODUCTS_DIR)/KeepIt.app/KeepIt";
				FRAMEWORK_SEARCH_PATHS = (
					"$(SDKROOT)/Developer/Library/Frameworks",
					"$(inherited)",
					"$(DEVELOPER_FRAMEWORKS_DIR)",
				);
				GCC_PRECOMPILE_PREFIX_HEADER = YES;
				GCC_PREFIX_HEADER = "KeepIt/KeepIt-Prefix.pch";
				INFOPLIST_FILE = "KeepItTests/KeepItTests-Info.plist";
				PRODUCT_NAME = "$(TARGET_NAME)";
				TEST_HOST = "$(BUNDLE_LOADER)";
				WRAPPER_EXTENSION = xctest;
			};
			name = Release;
		};
/* End XCBuildConfiguration section */

/* Begin XCConfigurationList section */
		14555A2119628E9700B35CBD /* Build configuration list for PBXProject "KeepIt" */ = {
			isa = XCConfigurationList;
			buildConfigurations = (
				14555A5919628E9700B35CBD /* Debug */,
				14555A5A19628E9700B35CBD /* Release */,
			);
			defaultConfigurationIsVisible = 0;
			defaultConfigurationName = Release;
		};
		14555A5B19628E9700B35CBD /* Build configuration list for PBXNativeTarget "KeepIt" */ = {
			isa = XCConfigurationList;
			buildConfigurations = (
				14555A5C19628E9700B35CBD /* Debug */,
				14555A5D19628E9700B35CBD /* Release */,
			);
			defaultConfigurationIsVisible = 0;
			defaultConfigurationName = Release;
		};
		14555A5E19628E9700B35CBD /* Build configuration list for PBXNativeTarget "KeepItTests" */ = {
			isa = XCConfigurationList;
			buildConfigurations = (
				14555A5F19628E9700B35CBD /* Debug */,
				14555A6019628E9700B35CBD /* Release */,
			);
			defaultConfigurationIsVisible = 0;
			defaultConfigurationName = Release;
		};
/* End XCConfigurationList section */
	};
	rootObject = 14555A1E19628E9700B35CBD /* Project object */;
}
